
Microsoft Visual Studio Solution File, Format Version 12.00
# Visual Studio Version 16
VisualStudioVersion = 16.6.30114.105
MinimumVisualStudioVersion = 10.0.40219.1
Project("{9A19103F-16F7-4668-BE54-9A1E7A4F7556}") = "Synnotech.Migrations.Core", "src\Synnotech.Migrations.Core\Synnotech.Migrations.Core.csproj", "{C650B65A-B6E8-496E-A7AA-51EF08A872DC}"
EndProject
Project("{9A19103F-16F7-4668-BE54-9A1E7A4F7556}") = "Synnotech.Migrations.Core.Tests", "tests\Synnotech.Migrations.Core.Tests\Synnotech.Migrations.Core.Tests.csproj", "{D9927AC8-FE16-4443-A001-EFDA7F740D4C}"
EndProject
Project("{2150E333-8FDC-42A3-9474-1A3956D46DE8}") = "Raven DB", "Raven DB", "{B67779F2-A667-43FB-8B28-964958C048C0}"
EndProject
Project("{9A19103F-16F7-4668-BE54-9A1E7A4F7556}") = "Synnotech.Migrations.RavenDB", "src\Synnotech.Migrations.RavenDB\Synnotech.Migrations.RavenDB.csproj", "{81563032-376A-4D31-A830-8EF6C25C4753}"
EndProject
Project("{9A19103F-16F7-4668-BE54-9A1E7A4F7556}") = "Synnotech.Migrations.RavenDB.Tests", "tests\Synnotech.Migrations.RavenDB.Tests\Synnotech.Migrations.RavenDB.Tests.csproj", "{1EE5A3C1-2823-49BF-B7FC-0B90547037AE}"
EndProject
Project("{2150E333-8FDC-42A3-9474-1A3956D46DE8}") = "Linq2Db", "Linq2Db", "{F0AF798C-B1ED-4F70-B57A-2A33BF30CE8D}"
EndProject
Project("{9A19103F-16F7-4668-BE54-9A1E7A4F7556}") = "Synnotech.Migrations.Linq2Db", "src\Synnotech.Migrations.Linq2Db\Synnotech.Migrations.Linq2Db.csproj", "{3C20ABB3-4DA5-4CE4-B7BA-91F9D62DB061}"
EndProject
Project("{9A19103F-16F7-4668-BE54-9A1E7A4F7556}") = "Synnotech.Migrations.Linq2Db.Tests", "tests\Synnotech.Migrations.Linq2Db.Tests\Synnotech.Migrations.Linq2Db.Tests.csproj", "{EA888059-217E-485F-9A0B-D29953AADF4C}"
EndProject
Project("{2150E333-8FDC-42A3-9474-1A3956D46DE8}") = "Shared", "Shared", "{B86AB42A-D273-4E35-A99A-38AB6C219747}"
EndProject
Project("{9A19103F-16F7-4668-BE54-9A1E7A4F7556}") = "Synnotech.DatabaseAbstractions", "src\Synnotech.DatabaseAbstractions\Synnotech.DatabaseAbstractions.csproj", "{598B346C-410A-4E9E-BF9D-2756E6723E10}"
EndProject
Global
	GlobalSection(SolutionConfigurationPlatforms) = preSolution
		Debug|Any CPU = Debug|Any CPU
		Release|Any CPU = Release|Any CPU
	EndGlobalSection
	GlobalSection(ProjectConfigurationPlatforms) = postSolution
		{C650B65A-B6E8-496E-A7AA-51EF08A872DC}.Debug|Any CPU.ActiveCfg = Debug|Any CPU
		{C650B65A-B6E8-496E-A7AA-51EF08A872DC}.Debug|Any CPU.Build.0 = Debug|Any CPU
		{C650B65A-B6E8-496E-A7AA-51EF08A872DC}.Release|Any CPU.ActiveCfg = Release|Any CPU
		{C650B65A-B6E8-496E-A7AA-51EF08A872DC}.Release|Any CPU.Build.0 = Release|Any CPU
		{D9927AC8-FE16-4443-A001-EFDA7F740D4C}.Debug|Any CPU.ActiveCfg = Debug|Any CPU
		{D9927AC8-FE16-4443-A001-EFDA7F740D4C}.Debug|Any CPU.Build.0 = Debug|Any CPU
		{D9927AC8-FE16-4443-A001-EFDA7F740D4C}.Release|Any CPU.ActiveCfg = Release|Any CPU
		{D9927AC8-FE16-4443-A001-EFDA7F740D4C}.Release|Any CPU.Build.0 = Release|Any CPU
		{81563032-376A-4D31-A830-8EF6C25C4753}.Debug|Any CPU.ActiveCfg = Debug|Any CPU
		{81563032-376A-4D31-A830-8EF6C25C4753}.Debug|Any CPU.Build.0 = Debug|Any CPU
		{81563032-376A-4D31-A830-8EF6C25C4753}.Release|Any CPU.ActiveCfg = Release|Any CPU
		{81563032-376A-4D31-A830-8EF6C25C4753}.Release|Any CPU.Build.0 = Release|Any CPU
		{1EE5A3C1-2823-49BF-B7FC-0B90547037AE}.Debug|Any CPU.ActiveCfg = Debug|Any CPU
		{1EE5A3C1-2823-49BF-B7FC-0B90547037AE}.Debug|Any CPU.Build.0 = Debug|Any CPU
		{1EE5A3C1-2823-49BF-B7FC-0B90547037AE}.Release|Any CPU.ActiveCfg = Release|Any CPU
		{1EE5A3C1-2823-49BF-B7FC-0B90547037AE}.Release|Any CPU.Build.0 = Release|Any CPU
		{3C20ABB3-4DA5-4CE4-B7BA-91F9D62DB061}.Debug|Any CPU.ActiveCfg = Debug|Any CPU
		{3C20ABB3-4DA5-4CE4-B7BA-91F9D62DB061}.Debug|Any CPU.Build.0 = Debug|Any CPU
		{3C20ABB3-4DA5-4CE4-B7BA-91F9D62DB061}.Release|Any CPU.ActiveCfg = Release|Any CPU
		{3C20ABB3-4DA5-4CE4-B7BA-91F9D62DB061}.Release|Any CPU.Build.0 = Release|Any CPU
		{EA888059-217E-485F-9A0B-D29953AADF4C}.Debug|Any CPU.ActiveCfg = Debug|Any CPU
		{EA888059-217E-485F-9A0B-D29953AADF4C}.Debug|Any CPU.Build.0 = Debug|Any CPU
		{EA888059-217E-485F-9A0B-D29953AADF4C}.Release|Any CPU.ActiveCfg = Release|Any CPU
		{EA888059-217E-485F-9A0B-D29953AADF4C}.Release|Any CPU.Build.0 = Release|Any CPU
		{598B346C-410A-4E9E-BF9D-2756E6723E10}.Debug|Any CPU.ActiveCfg = Debug|Any CPU
		{598B346C-410A-4E9E-BF9D-2756E6723E10}.Debug|Any CPU.Build.0 = Debug|Any CPU
		{598B346C-410A-4E9E-BF9D-2756E6723E10}.Release|Any CPU.ActiveCfg = Release|Any CPU
		{598B346C-410A-4E9E-BF9D-2756E6723E10}.Release|Any CPU.Build.0 = Release|Any CPU
	EndGlobalSection
	GlobalSection(SolutionProperties) = preSolution
		HideSolutionNode = FALSE
	EndGlobalSection
	GlobalSection(NestedProjects) = preSolution
		{81563032-376A-4D31-A830-8EF6C25C4753} = {B67779F2-A667-43FB-8B28-964958C048C0}
		{1EE5A3C1-2823-49BF-B7FC-0B90547037AE} = {B67779F2-A667-43FB-8B28-964958C048C0}
		{3C20ABB3-4DA5-4CE4-B7BA-91F9D62DB061} = {F0AF798C-B1ED-4F70-B57A-2A33BF30CE8D}
		{EA888059-217E-485F-9A0B-D29953AADF4C} = {F0AF798C-B1ED-4F70-B57A-2A33BF30CE8D}
		{598B346C-410A-4E9E-BF9D-2756E6723E10} = {B86AB42A-D273-4E35-A99A-38AB6C219747}
	EndGlobalSection
	GlobalSection(ExtensibilityGlobals) = postSolution
		SolutionGuid = {87DD232F-65EB-409A-AD28-607B3418E8D9}
	EndGlobalSection
EndGlobal
